
Microsoft Visual Studio Solution File, Format Version 12.00
# Visual Studio 15
VisualStudioVersion = 15.0.28307.572
MinimumVisualStudioVersion = 10.0.40219.1
Project("{FAE04EC0-301F-11D3-BF4B-00C04F79EFBC}") = "Web1", "Web1\Web1.csproj", "{99A7055F-DEEE-4D60-A3ED-9FA96309901E}"
EndProject
Project("{FAE04EC0-301F-11D3-BF4B-00C04F79EFBC}") = "Web1.Tests", "Web1.Tests\Web1.Tests.csproj", "{17C1589F-D016-4382-A2CB-53D0A4FCCE1C}"
EndProject
Global
	GlobalSection(SolutionConfigurationPlatforms) = preSolution
		Debug|Any CPU = Debug|Any CPU
		Release|Any CPU = Release|Any CPU
	EndGlobalSection
	GlobalSection(ProjectConfigurationPlatforms) = postSolution
		{99A7055F-DEEE-4D60-A3ED-9FA96309901E}.Debug|Any CPU.ActiveCfg = Debug|Any CPU
		{99A7055F-DEEE-4D60-A3ED-9FA96309901E}.Debug|Any CPU.Build.0 = Debug|Any CPU
		{99A7055F-DEEE-4D60-A3ED-9FA96309901E}.Release|Any CPU.ActiveCfg = Release|Any CPU
		{99A7055F-DEEE-4D60-A3ED-9FA96309901E}.Release|Any CPU.Build.0 = Release|Any CPU
		{17C1589F-D016-4382-A2CB-53D0A4FCCE1C}.Debug|Any CPU.ActiveCfg = Debug|Any CPU
		{17C1589F-D016-4382-A2CB-53D0A4FCCE1C}.Debug|Any CPU.Build.0 = Debug|Any CPU
		{17C1589F-D016-4382-A2CB-53D0A4FCCE1C}.Release|Any CPU.ActiveCfg = Release|Any CPU
		{17C1589F-D016-4382-A2CB-53D0A4FCCE1C}.Release|Any CPU.Build.0 = Release|Any CPU
	EndGlobalSection
	GlobalSection(SolutionProperties) = preSolution
		HideSolutionNode = FALSE
	EndGlobalSection
	GlobalSection(ExtensibilityGlobals) = postSolution
		SolutionGuid = {368A3DAB-FA1B-4581-B206-B0DB44A5D497}
	EndGlobalSection
EndGlobal
